// !$*UTF8*$!
{
	archiveVersion = 1;
	classes = {
	};
	objectVersion = 46;
	objects = {

/* Begin PBXBuildFile section */
		C79179A11A9A96BB007B9986 /* SagradaFamilia.jpeg in Resources */ = {isa = PBXBuildFile; fileRef = C79179A01A9A96BB007B9986 /* SagradaFamilia.jpeg */; };
		C79179A31A9A9A00007B9986 /* AlbertEinsteinStamp.jpg in Resources */ = {isa = PBXBuildFile; fileRef = C79179A21A9A9A00007B9986 /* AlbertEinsteinStamp.jpg */; };
		C7EBD58E1A531E51004BF7A8 /* AppDelegate.swift in Sources */ = {isa = PBXBuildFile; fileRef = C7EBD58D1A531E51004BF7A8 /* AppDelegate.swift */; };
		C7EBD5901A531E51004BF7A8 /* ViewController.swift in Sources */ = {isa = PBXBuildFile; fileRef = C7EBD58F1A531E51004BF7A8 /* ViewController.swift */; };
		C7EBD5931A531E51004BF7A8 /* Main.storyboard in Resources */ = {isa = PBXBuildFile; fileRef = C7EBD5911A531E51004BF7A8 /* Main.storyboard */; };
		C7EBD5951A531E51004BF7A8 /* Images.xcassets in Resources */ = {isa = PBXBuildFile; fileRef = C7EBD5941A531E51004BF7A8 /* Images.xcassets */; };
		C7EBD5981A531E51004BF7A8 /* LaunchScreen.xib in Resources */ = {isa = PBXBuildFile; fileRef = C7EBD5961A531E51004BF7A8 /* LaunchScreen.xib */; };
		C7EBD5A41A531E52004BF7A8 /* PostcardTests.swift in Sources */ = {isa = PBXBuildFile; fileRef = C7EBD5A31A531E52004BF7A8 /* PostcardTests.swift */; };
/* End PBXBuildFile section */

/* Begin PBXContainerItemProxy section */
		C7EBD59E1A531E52004BF7A8 /* PBXContainerItemProxy */ = {
			isa = PBXContainerItemProxy;
			containerPortal = C7EBD5801A531E51004BF7A8 /* Project object */;
			proxyType = 1;
			remoteGlobalIDString = C7EBD5871A531E51004BF7A8;
			remoteInfo = Postcard;
		};
/* End PBXContainerItemProxy section */

/* Begin PBXFileReference section */
		C79179A01A9A96BB007B9986 /* SagradaFamilia.jpeg */ = {isa = PBXFileReference; lastKnownFileType = image.jpeg; path = SagradaFamilia.jpeg; sourceTree = "<group>"; };
		C79179A21A9A9A00007B9986 /* AlbertEinsteinStamp.jpg */ = {isa = PBXFileReference; lastKnownFileType = image.jpeg; path = AlbertEinsteinStamp.jpg; sourceTree = "<group>"; };
		C7EBD5881A531E51004BF7A8 /* Postcard.app */ = {isa = PBXFileReference; explicitFileType = wrapper.application; includeInIndex = 0; path = Postcard.app; sourceTree = BUILT_PRODUCTS_DIR; };
		C7EBD58C1A531E51004BF7A8 /* Info.plist */ = {isa = PBXFileReference; lastKnownFileType = text.plist.xml; path = Info.plist; sourceTree = "<group>"; };
		C7EBD58D1A531E51004BF7A8 /* AppDelegate.swift */ = {isa = PBXFileReference; lastKnownFileType = sourcecode.swift; path = AppDelegate.swift; sourceTree = "<group>"; };
		C7EBD58F1A531E51004BF7A8 /* ViewController.swift */ = {isa = PBXFileReference; lastKnownFileType = sourcecode.swift; path = ViewController.swift; sourceTree = "<group>"; };
		C7EBD5921A531E51004BF7A8 /* Base */ = {isa = PBXFileReference; lastKnownFileType = file.storyboard; name = Base; path = Base.lproj/Main.storyboard; sourceTree = "<group>"; };
		C7EBD5941A531E51004BF7A8 /* Images.xcassets */ = {isa = PBXFileReference; lastKnownFileType = folder.assetcatalog; path = Images.xcassets; sourceTree = "<group>"; };
		C7EBD5971A531E51004BF7A8 /* Base */ = {isa = PBXFileReference; lastKnownFileType = file.xib; name = Base; path = Base.lproj/LaunchScreen.xib; sourceTree = "<group>"; };
		C7EBD59D1A531E52004BF7A8 /* PostcardTests.xctest */ = {isa = PBXFileReference; explicitFileType = wrapper.cfbundle; includeInIndex = 0; path = PostcardTests.xctest; sourceTree = BUILT_PRODUCTS_DIR; };
		C7EBD5A21A531E52004BF7A8 /* Info.plist */ = {isa = PBXFileReference; lastKnownFileType = text.plist.xml; path = Info.plist; sourceTree = "<group>"; };
		C7EBD5A31A531E52004BF7A8 /* PostcardTests.swift */ = {isa = PBXFileReference; lastKnownFileType = sourcecode.swift; path = PostcardTests.swift; sourceTree = "<group>"; };
/* End PBXFileReference section */

/* Begin PBXFrameworksBuildPhase section */
		C7EBD5851A531E51004BF7A8 /* Frameworks */ = {
			isa = PBXFrameworksBuildPhase;
			buildActionMask = 2147483647;
			files = (
			);
			runOnlyForDeploymentPostprocessing = 0;
		};
		C7EBD59A1A531E52004BF7A8 /* Frameworks */ = {
			isa = PBXFrameworksBuildPhase;
			buildActionMask = 2147483647;
			files = (
			);
			runOnlyForDeploymentPostprocessing = 0;
		};
/* End PBXFrameworksBuildPhase section */

/* Begin PBXGroup section */
		C7EBD57F1A531E51004BF7A8 = {
			isa = PBXGroup;
			children = (
				C7EBD58A1A531E51004BF7A8 /* Postcard */,
				C7EBD5A01A531E52004BF7A8 /* PostcardTests */,
				C7EBD5891A531E51004BF7A8 /* Products */,
			);
			sourceTree = "<group>";
		};
		C7EBD5891A531E51004BF7A8 /* Products */ = {
			isa = PBXGroup;
			children = (
				C7EBD5881A531E51004BF7A8 /* Postcard.app */,
				C7EBD59D1A531E52004BF7A8 /* PostcardTests.xctest */,
			);
			name = Products;
			sourceTree = "<group>";
		};
		C7EBD58A1A531E51004BF7A8 /* Postcard */ = {
			isa = PBXGroup;
			children = (
				C7EBD58D1A531E51004BF7A8 /* AppDelegate.swift */,
				C7EBD58F1A531E51004BF7A8 /* ViewController.swift */,
				C7EBD5911A531E51004BF7A8 /* Main.storyboard */,
				C7EBD5941A531E51004BF7A8 /* Images.xcassets */,
				C7EBD5961A531E51004BF7A8 /* LaunchScreen.xib */,
				C7EBD58B1A531E51004BF7A8 /* Supporting Files */,
			);
			path = Postcard;
			sourceTree = "<group>";
		};
		C7EBD58B1A531E51004BF7A8 /* Supporting Files */ = {
			isa = PBXGroup;
			children = (
				C79179A21A9A9A00007B9986 /* AlbertEinsteinStamp.jpg */,
				C79179A01A9A96BB007B9986 /* SagradaFamilia.jpeg */,
				C7EBD58C1A531E51004BF7A8 /* Info.plist */,
			);
			name = "Supporting Files";
			sourceTree = "<group>";
		};
		C7EBD5A01A531E52004BF7A8 /* PostcardTests */ = {
			isa = PBXGroup;
			children = (
				C7EBD5A31A531E52004BF7A8 /* PostcardTests.swift */,
				C7EBD5A11A531E52004BF7A8 /* Supporting Files */,
			);
			path = PostcardTests;
			sourceTree = "<group>";
		};
		C7EBD5A11A531E52004BF7A8 /* Supporting Files */ = {
			isa = PBXGroup;
			children = (
				C7EBD5A21A531E52004BF7A8 /* Info.plist */,
			);
			name = "Supporting Files";
			sourceTree = "<group>";
		};
/* End PBXGroup section */

/* Begin PBXNativeTarget section */
		C7EBD5871A531E51004BF7A8 /* Postcard */ = {
			isa = PBXNativeTarget;
			buildConfigurationList = C7EBD5A71A531E52004BF7A8 /* Build configuration list for PBXNativeTarget "Postcard" */;
			buildPhases = (
				C7EBD5841A531E51004BF7A8 /* Sources */,
				C7EBD5851A531E51004BF7A8 /* Frameworks */,
				C7EBD5861A531E51004BF7A8 /* Resources */,
			);
			buildRules = (
			);
			dependencies = (
			);
			name = Postcard;
			productName = Postcard;
			productReference = C7EBD5881A531E51004BF7A8 /* Postcard.app */;
			productType = "com.apple.product-type.application";
		};
		C7EBD59C1A531E52004BF7A8 /* PostcardTests */ = {
			isa = PBXNativeTarget;
			buildConfigurationList = C7EBD5AA1A531E52004BF7A8 /* Build configuration list for PBXNativeTarget "PostcardTests" */;
			buildPhases = (
				C7EBD5991A531E52004BF7A8 /* Sources */,
				C7EBD59A1A531E52004BF7A8 /* Frameworks */,
				C7EBD59B1A531E52004BF7A8 /* Resources */,
			);
			buildRules = (
			);
			dependencies = (
				C7EBD59F1A531E52004BF7A8 /* PBXTargetDependency */,
			);
			name = PostcardTests;
			productName = PostcardTests;
			productReference = C7EBD59D1A531E52004BF7A8 /* PostcardTests.xctest */;
			productType = "com.apple.product-type.bundle.unit-test";
		};
/* End PBXNativeTarget section */

/* Begin PBXProject section */
		C7EBD5801A531E51004BF7A8 /* Project object */ = {
			isa = PBXProject;
			attributes = {
				LastUpgradeCheck = 0610;
				ORGANIZATIONNAME = "Amit A. Patel";
				TargetAttributes = {
					C7EBD5871A531E51004BF7A8 = {
						CreatedOnToolsVersion = 6.1.1;
					};
					C7EBD59C1A531E52004BF7A8 = {
						CreatedOnToolsVersion = 6.1.1;
						TestTargetID = C7EBD5871A531E51004BF7A8;
					};
				};
			};
			buildConfigurationList = C7EBD5831A531E51004BF7A8 /* Build configuration list for PBXProject "Postcard" */;
			compatibilityVersion = "Xcode 3.2";
			developmentRegion = English;
			hasScannedForEncodings = 0;
			knownRegions = (
				en,
				Base,
			);
			mainGroup = C7EBD57F1A531E51004BF7A8;
			productRefGroup = C7EBD5891A531E51004BF7A8 /* Products */;
			projectDirPath = "";
			projectRoot = "";
			targets = (
				C7EBD5871A531E51004BF7A8 /* Postcard */,
				C7EBD59C1A531E52004BF7A8 /* PostcardTests */,
			);
		};
/* End PBXProject section */

/* Begin PBXResourcesBuildPhase section */
		C7EBD5861A531E51004BF7A8 /* Resources */ = {
			isa = PBXResourcesBuildPhase;
			buildActionMask = 2147483647;
			files = (
				C7EBD5931A531E51004BF7A8 /* Main.storyboard in Resources */,
				C79179A11A9A96BB007B9986 /* SagradaFamilia.jpeg in Resources */,
				C79179A31A9A9A00007B9986 /* AlbertEinsteinStamp.jpg in Resources */,
				C7EBD5981A531E51004BF7A8 /* LaunchScreen.xib in Resources */,
				C7EBD5951A531E51004BF7A8 /* Images.xcassets in Resources */,
			);
			runOnlyForDeploymentPostprocessing = 0;
		};
		C7EBD59B1A531E52004BF7A8 /* Resources */ = {
			isa = PBXResourcesBuildPhase;
			buildActionMask = 2147483647;
			files = (
			);
			runOnlyForDeploymentPostprocessing = 0;
		};
/* End PBXResourcesBuildPhase section */

/* Begin PBXSourcesBuildPhase section */
		C7EBD5841A531E51004BF7A8 /* Sources */ = {
			isa = PBXSourcesBuildPhase;
			buildActionMask = 2147483647;
			files = (
				C7EBD5901A531E51004BF7A8 /* ViewController.swift in Sources */,
				C7EBD58E1A531E51004BF7A8 /* AppDelegate.swift in Sources */,
			);
			runOnlyForDeploymentPostprocessing = 0;
		};
		C7EBD5991A531E52004BF7A8 /* Sources */ = {
			isa = PBXSourcesBuildPhase;
			buildActionMask = 2147483647;
			files = (
				C7EBD5A41A531E52004BF7A8 /* PostcardTests.swift in Sources */,
			);
			runOnlyForDeploymentPostprocessing = 0;
		};
/* End PBXSourcesBuildPhase section */

/* Begin PBXTargetDependency section */
		C7EBD59F1A531E52004BF7A8 /* PBXTargetDependency */ = {
			isa = PBXTargetDependency;
			target = C7EBD5871A531E51004BF7A8 /* Postcard */;
			targetProxy = C7EBD59E1A531E52004BF7A8 /* PBXContainerItemProxy */;
		};
/* End PBXTargetDependency section */

/* Begin PBXVariantGroup section */
		C7EBD5911A531E51004BF7A8 /* Main.storyboard */ = {
			isa = PBXVariantGroup;
			children = (
				C7EBD5921A531E51004BF7A8 /* Base */,
			);
			name = Main.storyboard;
			sourceTree = "<group>";
		};
		C7EBD5961A531E51004BF7A8 /* LaunchScreen.xib */ = {
			isa = PBXVariantGroup;
			children = (
				C7EBD5971A531E51004BF7A8 /* Base */,
			);
			name = LaunchScreen.xib;
			sourceTree = "<group>";
		};
/* End PBXVariantGroup section */

/* Begin XCBuildConfiguration section */
		C7EBD5A51A531E52004BF7A8 /* Debug */ = {
			isa = XCBuildConfiguration;
			buildSettings = {
				ALWAYS_SEARCH_USER_PATHS = NO;
				CLANG_CXX_LANGUAGE_STANDARD = "gnu++0x";
				CLANG_CXX_LIBRARY = "libc++";
				CLANG_ENABLE_MODULES = YES;
				CLANG_ENABLE_OBJC_ARC = YES;
				CLANG_WARN_BOOL_CONVERSION = YES;
				CLANG_WARN_CONSTANT_CONVERSION = YES;
				CLANG_WARN_DIRECT_OBJC_ISA_USAGE = YES_ERROR;
				CLANG_WARN_EMPTY_BODY = YES;
				CLANG_WARN_ENUM_CONVERSION = YES;
				CLANG_WARN_INT_CONVERSION = YES;
				CLANG_WARN_OBJC_ROOT_CLASS = YES_ERROR;
				CLANG_WARN_UNREACHABLE_CODE = YES;
				CLANG_WARN__DUPLICATE_METHOD_MATCH = YES;
				"CODE_SIGN_IDENTITY[sdk=iphoneos*]" = "iPhone Developer";
				COPY_PHASE_STRIP = NO;
				ENABLE_STRICT_OBJC_MSGSEND = YES;
				GCC_C_LANGUAGE_STANDARD = gnu99;
				GCC_DYNAMIC_NO_PIC = NO;
				GCC_OPTIMIZATION_LEVEL = 0;
				GCC_PREPROCESSOR_DEFINITIONS = (
					"DEBUG=1",
					"$(inherited)",
				);
				GCC_SYMBOLS_PRIVATE_EXTERN = NO;
				GCC_WARN_64_TO_32_BIT_CONVERSION = YES;
				GCC_WARN_ABOUT_RETURN_TYPE = YES_ERROR;
				GCC_WARN_UNDECLARED_SELECTOR = YES;
				GCC_WARN_UNINITIALIZED_AUTOS = YES_AGGRESSIVE;
				GCC_WARN_UNUSED_FUNCTION = YES;
				GCC_WARN_UNUSED_VARIABLE = YES;
				IPHONEOS_DEPLOYMENT_TARGET = 8.1;
				MTL_ENABLE_DEBUG_INFO = YES;
				ONLY_ACTIVE_ARCH = YES;
				SDKROOT = iphoneos;
				SWIFT_OPTIMIZATION_LEVEL = "-Onone";
				TARGETED_DEVICE_FAMILY = "1,2";
			};
			name = Debug;
		};
		C7EBD5A61A531E52004BF7A8 /* Release */ = {
			isa = XCBuildConfiguration;
			buildSettings = {
				ALWAYS_SEARCH_USER_PATHS = NO;
				CLANG_CXX_LANGUAGE_STANDARD = "gnu++0x";
				CLANG_CXX_LIBRARY = "libc++";
				CLANG_ENABLE_MODULES = YES;
				CLANG_ENABLE_OBJC_ARC = YES;
				CLANG_WARN_BOOL_CONVERSION = YES;
				CLANG_WARN_CONSTANT_CONVERSION = YES;
				CLANG_WARN_DIRECT_OBJC_ISA_USAGE = YES_ERROR;
				CLANG_WARN_EMPTY_BODY = YES;
				CLANG_WARN_ENUM_CONVERSION = YES;
				CLANG_WARN_INT_CONVERSION = YES;
				CLANG_WARN_OBJC_ROOT_CLASS = YES_ERROR;
				CLANG_WARN_UNREACHABLE_CODE = YES;
				CLANG_WARN__DUPLICATE_METHOD_MATCH = YES;
				"CODE_SIGN_IDENTITY[sdk=iphoneos*]" = "iPhone Developer";
				COPY_PHASE_STRIP = YES;
				ENABLE_NS_ASSERTIONS = NO;
				ENABLE_STRICT_OBJC_MSGSEND = YES;
				GCC_C_LANGUAGE_STANDARD = gnu99;
				GCC_WARN_64_TO_32_BIT_CONVERSION = YES;
				GCC_WARN_ABOUT_RETURN_TYPE = YES_ERROR;
				GCC_WARN_UNDECLARED_SELECTOR = YES;
				GCC_WARN_UNINITIALIZED_AUTOS = YES_AGGRESSIVE;
				GCC_WARN_UNUSED_FUNCTION = YES;
				GCC_WARN_UNUSED_VARIABLE = YES;
				IPHONEOS_DEPLOYMENT_TARGET = 8.1;
				MTL_ENABLE_DEBUG_INFO = NO;
				SDKROOT = iphoneos;
				TARGETED_DEVICE_FAMILY = "1,2";
				VALIDATE_PRODUCT = YES;
			};
			name = Release;
		};
		C7EBD5A81A531E52004BF7A8 /* Debug */ = {
			isa = XCBuildConfiguration;
			buildSettings = {
				ASSETCATALOG_COMPILER_APPICON_NAME = AppIcon;
				INFOPLIST_FILE = Postcard/Info.plist;
				LD_RUNPATH_SEARCH_PATHS = "$(inherited) @executable_path/Frameworks";
				PRODUCT_NAME = "$(TARGET_NAME)";
			};
			name = Debug;
		};
		C7EBD5A91A531E52004BF7A8 /* Release */ = {
			isa = XCBuildConfiguration;
			buildSettings = {
				ASSETCATALOG_COMPILER_APPICON_NAME = AppIcon;
				INFOPLIST_FILE = Postcard/Info.plist;
				LD_RUNPATH_SEARCH_PATHS = "$(inherited) @executable_path/Frameworks";
				PRODUCT_NAME = "$(TARGET_NAME)";
			};
			name = Release;
		};
		C7EBD5AB1A531E52004BF7A8 /* Debug */ = {
			isa = XCBuildConfiguration;
			buildSettings = {
				BUNDLE_LOADER = "$(TEST_HOST)";
				FRAMEWORK_SEARCH_PATHS = (
					"$(SDKROOT)/Developer/Library/Frameworks",
					"$(inherited)",
				);
				GCC_PREPROCESSOR_DEFINITIONS = (
					"DEBUG=1",
					"$(inherited)",
				);
				INFOPLIST_FILE = PostcardTests/Info.plist;
				LD_RUNPATH_SEARCH_PATHS = "$(inherited) @executable_path/Frameworks @loader_path/Frameworks";
				PRODUCT_NAME = "$(TARGET_NAME)";
				TEST_HOST = "$(BUILT_PRODUCTS_DIR)/Postcard.app/Postcard";
			};
			name = Debug;
		};
		C7EBD5AC1A531E52004BF7A8 /* Release */ = {
			isa = XCBuildConfiguration;
			buildSettings = {
				BUNDLE_LOADER = "$(TEST_HOST)";
				FRAMEWORK_SEARCH_PATHS = (
					"$(SDKROOT)/Developer/Library/Frameworks",
					"$(inherited)",
				);
				INFOPLIST_FILE = PostcardTests/Info.plist;
				LD_RUNPATH_SEARCH_PATHS = "$(inherited) @executable_path/Frameworks @loader_path/Frameworks";
				PRODUCT_NAME = "$(TARGET_NAME)";
				TEST_HOST = "$(BUILT_PRODUCTS_DIR)/Postcard.app/Postcard";
			};
			name = Release;
		};
/* End XCBuildConfiguration section */

/* Begin XCConfigurationList section */
		C7EBD5831A531E51004BF7A8 /* Build configuration list for PBXProject "Postcard" */ = {
			isa = XCConfigurationList;
			buildConfigurations = (
				C7EBD5A51A531E52004BF7A8 /* Debug */,
				C7EBD5A61A531E52004BF7A8 /* Release */,
			);
			defaultConfigurationIsVisible = 0;
			defaultConfigurationName = Release;
		};
		C7EBD5A71A531E52004BF7A8 /* Build configuration list for PBXNativeTarget "Postcard" */ = {
			isa = XCConfigurationList;
			buildConfigurations = (
				C7EBD5A81A531E52004BF7A8 /* Debug */,
				C7EBD5A91A531E52004BF7A8 /* Release */,
			);
			defaultConfigurationIsVisible = 0;
			defaultConfigurationName = Release;
		};
		C7EBD5AA1A531E52004BF7A8 /* Build configuration list for PBXNativeTarget "PostcardTests" */ = {
			isa = XCConfigurationList;
			buildConfigurations = (
				C7EBD5AB1A531E52004BF7A8 /* Debug */,
				C7EBD5AC1A531E52004BF7A8 /* Release */,
			);
			defaultConfigurationIsVisible = 0;
			defaultConfigurationName = Release;
		};
/* End XCConfigurationList section */
	};
	rootObject = C7EBD5801A531E51004BF7A8 /* Project object */;
}
